
Microsoft Visual Studio Solution File, Format Version 12.00
# Visual Studio Version 17
VisualStudioVersion = 17.9.34728.123
MinimumVisualStudioVersion = 10.0.40219.1
Project("{9A19103F-16F7-4668-BE54-9A1E7A4F7556}") = "backend", "backend.csproj", "{AC3B89BC-48ED-40D4-AF38-DE6196C8863B}"
EndProject
Global
	GlobalSection(SolutionConfigurationPlatforms) = preSolution
		Debug|Any CPU = Debug|Any CPU
		Release|Any CPU = Release|Any CPU
	EndGlobalSection
	GlobalSection(ProjectConfigurationPlatforms) = postSolution
		{AC3B89BC-48ED-40D4-AF38-DE6196C8863B}.Debug|Any CPU.ActiveCfg = Debug|Any CPU
		{AC3B89BC-48ED-40D4-AF38-DE6196C8863B}.Debug|Any CPU.Build.0 = Debug|Any CPU
		{AC3B89BC-48ED-40D4-AF38-DE6196C8863B}.Release|Any CPU.ActiveCfg = Release|Any CPU
		{AC3B89BC-48ED-40D4-AF38-DE6196C8863B}.Release|Any CPU.Build.0 = Release|Any CPU
	EndGlobalSection
	GlobalSection(SolutionProperties) = preSolution
		HideSolutionNode = FALSE
	EndGlobalSection
	GlobalSection(ExtensibilityGlobals) = postSolution
		SolutionGuid = {D36303A8-FE79-48B1-AD81-C8D5F8E75B25}
	EndGlobalSection
EndGlobal
